
Microsoft Visual Studio Solution File, Format Version 11.00
# Visual Studio 2010
Project("{FAE04EC0-301F-11D3-BF4B-00C04F79EFBC}") = "OEBIF", "OEBIF.csproj", "{b689cffc-12e6-707d-bd39-7288675704b8}"
EndProject
Project("{FAE04EC0-301F-11D3-BF4B-00C04F79EFBC}") = "Assembly-CSharp", "Assembly-CSharp.csproj", "{633a5e56-b972-46b5-7908-923d3814da41}"
EndProject
Project("{FAE04EC0-301F-11D3-BF4B-00C04F79EFBC}") = "Assembly-CSharp-firstpass", "Assembly-CSharp-firstpass.csproj", "{e7df6964-6852-6dcd-a25c-6693c7fce093}"
EndProject
Global
	GlobalSection(SolutionConfigurationPlatforms) = preSolution
		Debug|Any CPU = Debug|Any CPU
	EndGlobalSection
	GlobalSection(ProjectConfigurationPlatforms) = postSolution
		{b689cffc-12e6-707d-bd39-7288675704b8}.Debug|Any CPU.ActiveCfg = Debug|Any CPU
		{b689cffc-12e6-707d-bd39-7288675704b8}.Debug|Any CPU.Build.0 = Debug|Any CPU
		{633a5e56-b972-46b5-7908-923d3814da41}.Debug|Any CPU.ActiveCfg = Debug|Any CPU
		{633a5e56-b972-46b5-7908-923d3814da41}.Debug|Any CPU.Build.0 = Debug|Any CPU
		{e7df6964-6852-6dcd-a25c-6693c7fce093}.Debug|Any CPU.ActiveCfg = Debug|Any CPU
		{e7df6964-6852-6dcd-a25c-6693c7fce093}.Debug|Any CPU.Build.0 = Debug|Any CPU
	EndGlobalSection
	GlobalSection(SolutionProperties) = preSolution
		HideSolutionNode = FALSE
	EndGlobalSection
EndGlobal
